Microsoft Visual Studio Solution File, Format Version 11.00
# Visual Studio 2008

Project("{6BAB55A8-976C-7F05-67C6-D4F105AD0C5B}") = "SpaceShooter2", "Assembly-CSharp-firstpass.csproj", "{3F277BB7-23BC-C14E-C6FD-A34A1EF2C106}"
EndProject
Project("{6BAB55A8-976C-7F05-67C6-D4F105AD0C5B}") = "SpaceShooter2", "Assembly-CSharp.csproj", "{11BC3C2C-0A4D-ADED-03A9-5B755E804EE0}"
EndProject
Project("{6BAB55A8-976C-7F05-67C6-D4F105AD0C5B}") = "SpaceShooter2", "Assembly-CSharp-Editor-firstpass.csproj", "{390AE7C4-995E-5376-F6F2-F6BFFC3EA35E}"
EndProject
Global
	GlobalSection(SolutionConfigurationPlatforms) = preSolution
		Debug|Any CPU = Debug|Any CPU
		Release|Any CPU = Release|Any CPU
	EndGlobalSection
	GlobalSection(ProjectConfigurationPlatforms) = postSolution
		{3F277BB7-23BC-C14E-C6FD-A34A1EF2C106}.Debug|Any CPU.ActiveCfg = Debug|Any CPU
		{3F277BB7-23BC-C14E-C6FD-A34A1EF2C106}.Debug|Any CPU.Build.0 = Debug|Any CPU
		{3F277BB7-23BC-C14E-C6FD-A34A1EF2C106}.Release|Any CPU.ActiveCfg = Release|Any CPU
		{3F277BB7-23BC-C14E-C6FD-A34A1EF2C106}.Release|Any CPU.Build.0 = Release|Any CPU
		{11BC3C2C-0A4D-ADED-03A9-5B755E804EE0}.Debug|Any CPU.ActiveCfg = Debug|Any CPU
		{11BC3C2C-0A4D-ADED-03A9-5B755E804EE0}.Debug|Any CPU.Build.0 = Debug|Any CPU
		{11BC3C2C-0A4D-ADED-03A9-5B755E804EE0}.Release|Any CPU.ActiveCfg = Release|Any CPU
		{11BC3C2C-0A4D-ADED-03A9-5B755E804EE0}.Release|Any CPU.Build.0 = Release|Any CPU
		{390AE7C4-995E-5376-F6F2-F6BFFC3EA35E}.Debug|Any CPU.ActiveCfg = Debug|Any CPU
		{390AE7C4-995E-5376-F6F2-F6BFFC3EA35E}.Debug|Any CPU.Build.0 = Debug|Any CPU
		{390AE7C4-995E-5376-F6F2-F6BFFC3EA35E}.Release|Any CPU.ActiveCfg = Release|Any CPU
		{390AE7C4-995E-5376-F6F2-F6BFFC3EA35E}.Release|Any CPU.Build.0 = Release|Any CPU
	EndGlobalSection
	GlobalSection(SolutionProperties) = preSolution
		HideSolutionNode = FALSE
	EndGlobalSection
	GlobalSection(MonoDevelopProperties) = preSolution
		StartupItem = Assembly-CSharp.csproj
	EndGlobalSection
EndGlobal
